
Microsoft Visual Studio Solution File, Format Version 12.00
# Visual Studio 15
VisualStudioVersion = 15.0.28010.2050
MinimumVisualStudioVersion = 10.0.40219.1
Project("{FAE04EC0-301F-11D3-BF4B-00C04F79EFBC}") = "Bitmap_HASH", "Bitmap_HASH\Bitmap_HASH.csproj", "{1D1F0F10-F696-4D22-AEB0-1F11F6619B74}"
EndProject
Global
	GlobalSection(SolutionConfigurationPlatforms) = preSolution
		Debug|Any CPU = Debug|Any CPU
		Release|Any CPU = Release|Any CPU
	EndGlobalSection
	GlobalSection(ProjectConfigurationPlatforms) = postSolution
		{1D1F0F10-F696-4D22-AEB0-1F11F6619B74}.Debug|Any CPU.ActiveCfg = Debug|Any CPU
		{1D1F0F10-F696-4D22-AEB0-1F11F6619B74}.Debug|Any CPU.Build.0 = Debug|Any CPU
		{1D1F0F10-F696-4D22-AEB0-1F11F6619B74}.Release|Any CPU.ActiveCfg = Release|Any CPU
		{1D1F0F10-F696-4D22-AEB0-1F11F6619B74}.Release|Any CPU.Build.0 = Release|Any CPU
	EndGlobalSection
	GlobalSection(SolutionProperties) = preSolution
		HideSolutionNode = FALSE
	EndGlobalSection
	GlobalSection(ExtensibilityGlobals) = postSolution
		SolutionGuid = {6EE7E3D3-457C-42D5-A16B-32ADF39DD23A}
	EndGlobalSection
EndGlobal
